// !$*UTF8*$!
{
	archiveVersion = 1;
	classes = {
	};
	objectVersion = 46;
	objects = {

/* Begin PBXBuildFile section */
		6C9C20E119C1883000AE939E /* AppDelegate.swift in Sources */ = {isa = PBXBuildFile; fileRef = 6C9C20E019C1883000AE939E /* AppDelegate.swift */; };
		6C9C20E319C1883000AE939E /* ViewController.swift in Sources */ = {isa = PBXBuildFile; fileRef = 6C9C20E219C1883000AE939E /* ViewController.swift */; };
		6C9C20E619C1883000AE939E /* Main.storyboard in Resources */ = {isa = PBXBuildFile; fileRef = 6C9C20E419C1883000AE939E /* Main.storyboard */; };
		6C9C20E819C1883000AE939E /* Images.xcassets in Resources */ = {isa = PBXBuildFile; fileRef = 6C9C20E719C1883000AE939E /* Images.xcassets */; };
		6C9C20EB19C1883000AE939E /* LaunchScreen.xib in Resources */ = {isa = PBXBuildFile; fileRef = 6C9C20E919C1883000AE939E /* LaunchScreen.xib */; };
		6C9C20F719C1883000AE939E /* QuotesTests.swift in Sources */ = {isa = PBXBuildFile; fileRef = 6C9C20F619C1883000AE939E /* QuotesTests.swift */; };
/* End PBXBuildFile section */

/* Begin PBXContainerItemProxy section */
		6C9C20F119C1883000AE939E /* PBXContainerItemProxy */ = {
			isa = PBXContainerItemProxy;
			containerPortal = 6C9C20D319C1883000AE939E /* Project object */;
			proxyType = 1;
			remoteGlobalIDString = 6C9C20DA19C1883000AE939E;
			remoteInfo = Quotes;
		};
/* End PBXContainerItemProxy section */

/* Begin PBXFileReference section */
		6C9C20DB19C1883000AE939E /* Quotes.app */ = {isa = PBXFileReference; explicitFileType = wrapper.application; includeInIndex = 0; path = Quotes.app; sourceTree = BUILT_PRODUCTS_DIR; };
		6C9C20DF19C1883000AE939E /* Info.plist */ = {isa = PBXFileReference; lastKnownFileType = text.plist.xml; path = Info.plist; sourceTree = "<group>"; };
		6C9C20E019C1883000AE939E /* AppDelegate.swift */ = {isa = PBXFileReference; lastKnownFileType = sourcecode.swift; path = AppDelegate.swift; sourceTree = "<group>"; };
		6C9C20E219C1883000AE939E /* ViewController.swift */ = {isa = PBXFileReference; lastKnownFileType = sourcecode.swift; path = ViewController.swift; sourceTree = "<group>"; };
		6C9C20E519C1883000AE939E /* Base */ = {isa = PBXFileReference; lastKnownFileType = file.storyboard; name = Base; path = Base.lproj/Main.storyboard; sourceTree = "<group>"; };
		6C9C20E719C1883000AE939E /* Images.xcassets */ = {isa = PBXFileReference; lastKnownFileType = folder.assetcatalog; path = Images.xcassets; sourceTree = "<group>"; };
		6C9C20EA19C1883000AE939E /* Base */ = {isa = PBXFileReference; lastKnownFileType = file.xib; name = Base; path = Base.lproj/LaunchScreen.xib; sourceTree = "<group>"; };
		6C9C20F019C1883000AE939E /* QuotesTests.xctest */ = {isa = PBXFileReference; explicitFileType = wrapper.cfbundle; includeInIndex = 0; path = QuotesTests.xctest; sourceTree = BUILT_PRODUCTS_DIR; };
		6C9C20F519C1883000AE939E /* Info.plist */ = {isa = PBXFileReference; lastKnownFileType = text.plist.xml; path = Info.plist; sourceTree = "<group>"; };
		6C9C20F619C1883000AE939E /* QuotesTests.swift */ = {isa = PBXFileReference; lastKnownFileType = sourcecode.swift; path = QuotesTests.swift; sourceTree = "<group>"; };
/* End PBXFileReference section */

/* Begin PBXFrameworksBuildPhase section */
		6C9C20D819C1883000AE939E /* Frameworks */ = {
			isa = PBXFrameworksBuildPhase;
			buildActionMask = 2147483647;
			files = (
			);
			runOnlyForDeploymentPostprocessing = 0;
		};
		6C9C20ED19C1883000AE939E /* Frameworks */ = {
			isa = PBXFrameworksBuildPhase;
			buildActionMask = 2147483647;
			files = (
			);
			runOnlyForDeploymentPostprocessing = 0;
		};
/* End PBXFrameworksBuildPhase section */

/* Begin PBXGroup section */
		6C9C20D219C1883000AE939E = {
			isa = PBXGroup;
			children = (
				6C9C20DD19C1883000AE939E /* Quotes */,
				6C9C20F319C1883000AE939E /* QuotesTests */,
				6C9C20DC19C1883000AE939E /* Products */,
			);
			sourceTree = "<group>";
		};
		6C9C20DC19C1883000AE939E /* Products */ = {
			isa = PBXGroup;
			children = (
				6C9C20DB19C1883000AE939E /* Quotes.app */,
				6C9C20F019C1883000AE939E /* QuotesTests.xctest */,
			);
			name = Products;
			sourceTree = "<group>";
		};
		6C9C20DD19C1883000AE939E /* Quotes */ = {
			isa = PBXGroup;
			children = (
				6C9C20E019C1883000AE939E /* AppDelegate.swift */,
				6C9C20E219C1883000AE939E /* ViewController.swift */,
				6C9C20E419C1883000AE939E /* Main.storyboard */,
				6C9C20E719C1883000AE939E /* Images.xcassets */,
				6C9C20E919C1883000AE939E /* LaunchScreen.xib */,
				6C9C20DE19C1883000AE939E /* Supporting Files */,
			);
			path = Quotes;
			sourceTree = "<group>";
		};
		6C9C20DE19C1883000AE939E /* Supporting Files */ = {
			isa = PBXGroup;
			children = (
				6C9C20DF19C1883000AE939E /* Info.plist */,
			);
			name = "Supporting Files";
			sourceTree = "<group>";
		};
		6C9C20F319C1883000AE939E /* QuotesTests */ = {
			isa = PBXGroup;
			children = (
				6C9C20F619C1883000AE939E /* QuotesTests.swift */,
				6C9C20F419C1883000AE939E /* Supporting Files */,
			);
			path = QuotesTests;
			sourceTree = "<group>";
		};
		6C9C20F419C1883000AE939E /* Supporting Files */ = {
			isa = PBXGroup;
			children = (
				6C9C20F519C1883000AE939E /* Info.plist */,
			);
			name = "Supporting Files";
			sourceTree = "<group>";
		};
/* End PBXGroup section */

/* Begin PBXNativeTarget section */
		6C9C20DA19C1883000AE939E /* Quotes */ = {
			isa = PBXNativeTarget;
			buildConfigurationList = 6C9C20FA19C1883000AE939E /* Build configuration list for PBXNativeTarget "Quotes" */;
			buildPhases = (
				6C9C20D719C1883000AE939E /* Sources */,
				6C9C20D819C1883000AE939E /* Frameworks */,
				6C9C20D919C1883000AE939E /* Resources */,
			);
			buildRules = (
			);
			dependencies = (
			);
			name = Quotes;
			productName = Quotes;
			productReference = 6C9C20DB19C1883000AE939E /* Quotes.app */;
			productType = "com.apple.product-type.application";
		};
		6C9C20EF19C1883000AE939E /* QuotesTests */ = {
			isa = PBXNativeTarget;
			buildConfigurationList = 6C9C20FD19C1883000AE939E /* Build configuration list for PBXNativeTarget "QuotesTests" */;
			buildPhases = (
				6C9C20EC19C1883000AE939E /* Sources */,
				6C9C20ED19C1883000AE939E /* Frameworks */,
				6C9C20EE19C1883000AE939E /* Resources */,
			);
			buildRules = (
			);
			dependencies = (
				6C9C20F219C1883000AE939E /* PBXTargetDependency */,
			);
			name = QuotesTests;
			productName = QuotesTests;
			productReference = 6C9C20F019C1883000AE939E /* QuotesTests.xctest */;
			productType = "com.apple.product-type.bundle.unit-test";
		};
/* End PBXNativeTarget section */

/* Begin PBXProject section */
		6C9C20D319C1883000AE939E /* Project object */ = {
			isa = PBXProject;
			attributes = {
				LastUpgradeCheck = 0600;
				ORGANIZATIONNAME = balau;
				TargetAttributes = {
					6C9C20DA19C1883000AE939E = {
						CreatedOnToolsVersion = 6.0;
					};
					6C9C20EF19C1883000AE939E = {
						CreatedOnToolsVersion = 6.0;
						TestTargetID = 6C9C20DA19C1883000AE939E;
					};
				};
			};
			buildConfigurationList = 6C9C20D619C1883000AE939E /* Build configuration list for PBXProject "Quotes" */;
			compatibilityVersion = "Xcode 3.2";
			developmentRegion = English;
			hasScannedForEncodings = 0;
			knownRegions = (
				en,
				Base,
			);
			mainGroup = 6C9C20D219C1883000AE939E;
			productRefGroup = 6C9C20DC19C1883000AE939E /* Products */;
			projectDirPath = "";
			projectRoot = "";
			targets = (
				6C9C20DA19C1883000AE939E /* Quotes */,
				6C9C20EF19C1883000AE939E /* QuotesTests */,
			);
		};
/* End PBXProject section */

/* Begin PBXResourcesBuildPhase section */
		6C9C20D919C1883000AE939E /* Resources */ = {
			isa = PBXResourcesBuildPhase;
			buildActionMask = 2147483647;
			files = (
				6C9C20E619C1883000AE939E /* Main.storyboard in Resources */,
				6C9C20EB19C1883000AE939E /* LaunchScreen.xib in Resources */,
				6C9C20E819C1883000AE939E /* Images.xcassets in Resources */,
			);
			runOnlyForDeploymentPostprocessing = 0;
		};
		6C9C20EE19C1883000AE939E /* Resources */ = {
			isa = PBXResourcesBuildPhase;
			buildActionMask = 2147483647;
			files = (
			);
			runOnlyForDeploymentPostprocessing = 0;
		};
/* End PBXResourcesBuildPhase section */

/* Begin PBXSourcesBuildPhase section */
		6C9C20D719C1883000AE939E /* Sources */ = {
			isa = PBXSourcesBuildPhase;
			buildActionMask = 2147483647;
			files = (
				6C9C20E319C1883000AE939E /* ViewController.swift in Sources */,
				6C9C20E119C1883000AE939E /* AppDelegate.swift in Sources */,
			);
			runOnlyForDeploymentPostprocessing = 0;
		};
		6C9C20EC19C1883000AE939E /* Sources */ = {
			isa = PBXSourcesBuildPhase;
			buildActionMask = 2147483647;
			files = (
				6C9C20F719C1883000AE939E /* QuotesTests.swift in Sources */,
			);
			runOnlyForDeploymentPostprocessing = 0;
		};
/* End PBXSourcesBuildPhase section */

/* Begin PBXTargetDependency section */
		6C9C20F219C1883000AE939E /* PBXTargetDependency */ = {
			isa = PBXTargetDependency;
			target = 6C9C20DA19C1883000AE939E /* Quotes */;
			targetProxy = 6C9C20F119C1883000AE939E /* PBXContainerItemProxy */;
		};
/* End PBXTargetDependency section */

/* Begin PBXVariantGroup section */
		6C9C20E419C1883000AE939E /* Main.storyboard */ = {
			isa = PBXVariantGroup;
			children = (
				6C9C20E519C1883000AE939E /* Base */,
			);
			name = Main.storyboard;
			sourceTree = "<group>";
		};
		6C9C20E919C1883000AE939E /* LaunchScreen.xib */ = {
			isa = PBXVariantGroup;
			children = (
				6C9C20EA19C1883000AE939E /* Base */,
			);
			name = LaunchScreen.xib;
			sourceTree = "<group>";
		};
/* End PBXVariantGroup section */

/* Begin XCBuildConfiguration section */
		6C9C20F819C1883000AE939E /* Debug */ = {
			isa = XCBuildConfiguration;
			buildSettings = {
				ALWAYS_SEARCH_USER_PATHS = NO;
				CLANG_CXX_LANGUAGE_STANDARD = "gnu++0x";
				CLANG_CXX_LIBRARY = "libc++";
				CLANG_ENABLE_MODULES = YES;
				CLANG_ENABLE_OBJC_ARC = YES;
				CLANG_WARN_BOOL_CONVERSION = YES;
				CLANG_WARN_CONSTANT_CONVERSION = YES;
				CLANG_WARN_DIRECT_OBJC_ISA_USAGE = YES_ERROR;
				CLANG_WARN_EMPTY_BODY = YES;
				CLANG_WARN_ENUM_CONVERSION = YES;
				CLANG_WARN_INT_CONVERSION = YES;
				CLANG_WARN_OBJC_ROOT_CLASS = YES_ERROR;
				CLANG_WARN_UNREACHABLE_CODE = YES;
				CLANG_WARN__DUPLICATE_METHOD_MATCH = YES;
				"CODE_SIGN_IDENTITY[sdk=iphoneos*]" = "iPhone Developer";
				COPY_PHASE_STRIP = NO;
				ENABLE_STRICT_OBJC_MSGSEND = YES;
				GCC_C_LANGUAGE_STANDARD = gnu99;
				GCC_DYNAMIC_NO_PIC = NO;
				GCC_OPTIMIZATION_LEVEL = 0;
				GCC_PREPROCESSOR_DEFINITIONS = (
					"DEBUG=1",
					"$(inherited)",
				);
				GCC_SYMBOLS_PRIVATE_EXTERN = NO;
				GCC_WARN_64_TO_32_BIT_CONVERSION = YES;
				GCC_WARN_ABOUT_RETURN_TYPE = YES_ERROR;
				GCC_WARN_UNDECLARED_SELECTOR = YES;
				GCC_WARN_UNINITIALIZED_AUTOS = YES_AGGRESSIVE;
				GCC_WARN_UNUSED_FUNCTION = YES;
				GCC_WARN_UNUSED_VARIABLE = YES;
				IPHONEOS_DEPLOYMENT_TARGET = 8.0;
				MTL_ENABLE_DEBUG_INFO = YES;
				ONLY_ACTIVE_ARCH = YES;
				SDKROOT = iphoneos;
				SWIFT_OPTIMIZATION_LEVEL = "-Onone";
			};
			name = Debug;
		};
		6C9C20F919C1883000AE939E /* Release */ = {
			isa = XCBuildConfiguration;
			buildSettings = {
				ALWAYS_SEARCH_USER_PATHS = NO;
				CLANG_CXX_LANGUAGE_STANDARD = "gnu++0x";
				CLANG_CXX_LIBRARY = "libc++";
				CLANG_ENABLE_MODULES = YES;
				CLANG_ENABLE_OBJC_ARC = YES;
				CLANG_WARN_BOOL_CONVERSION = YES;
				CLANG_WARN_CONSTANT_CONVERSION = YES;
				CLANG_WARN_DIRECT_OBJC_ISA_USAGE = YES_ERROR;
				CLANG_WARN_EMPTY_BODY = YES;
				CLANG_WARN_ENUM_CONVERSION = YES;
				CLANG_WARN_INT_CONVERSION = YES;
				CLANG_WARN_OBJC_ROOT_CLASS = YES_ERROR;
				CLANG_WARN_UNREACHABLE_CODE = YES;
				CLANG_WARN__DUPLICATE_METHOD_MATCH = YES;
				"CODE_SIGN_IDENTITY[sdk=iphoneos*]" = "iPhone Developer";
				COPY_PHASE_STRIP = YES;
				ENABLE_NS_ASSERTIONS = NO;
				ENABLE_STRICT_OBJC_MSGSEND = YES;
				GCC_C_LANGUAGE_STANDARD = gnu99;
				GCC_WARN_64_TO_32_BIT_CONVERSION = YES;
				GCC_WARN_ABOUT_RETURN_TYPE = YES_ERROR;
				GCC_WARN_UNDECLARED_SELECTOR = YES;
				GCC_WARN_UNINITIALIZED_AUTOS = YES_AGGRESSIVE;
				GCC_WARN_UNUSED_FUNCTION = YES;
				GCC_WARN_UNUSED_VARIABLE = YES;
				IPHONEOS_DEPLOYMENT_TARGET = 8.0;
				MTL_ENABLE_DEBUG_INFO = NO;
				SDKROOT = iphoneos;
				VALIDATE_PRODUCT = YES;
			};
			name = Release;
		};
		6C9C20FB19C1883000AE939E /* Debug */ = {
			isa = XCBuildConfiguration;
			buildSettings = {
				ASSETCATALOG_COMPILER_APPICON_NAME = AppIcon;
				INFOPLIST_FILE = Quotes/Info.plist;
				LD_RUNPATH_SEARCH_PATHS = "$(inherited) @executable_path/Frameworks";
				PRODUCT_NAME = "$(TARGET_NAME)";
			};
			name = Debug;
		};
		6C9C20FC19C1883000AE939E /* Release */ = {
			isa = XCBuildConfiguration;
			buildSettings = {
				ASSETCATALOG_COMPILER_APPICON_NAME = AppIcon;
				INFOPLIST_FILE = Quotes/Info.plist;
				LD_RUNPATH_SEARCH_PATHS = "$(inherited) @executable_path/Frameworks";
				PRODUCT_NAME = "$(TARGET_NAME)";
			};
			name = Release;
		};
		6C9C20FE19C1883000AE939E /* Debug */ = {
			isa = XCBuildConfiguration;
			buildSettings = {
				BUNDLE_LOADER = "$(TEST_HOST)";
				FRAMEWORK_SEARCH_PATHS = (
					"$(SDKROOT)/Developer/Library/Frameworks",
					"$(inherited)",
				);
				GCC_PREPROCESSOR_DEFINITIONS = (
					"DEBUG=1",
					"$(inherited)",
				);
				INFOPLIST_FILE = QuotesTests/Info.plist;
				LD_RUNPATH_SEARCH_PATHS = "$(inherited) @executable_path/Frameworks @loader_path/Frameworks";
				PRODUCT_NAME = "$(TARGET_NAME)";
				TEST_HOST = "$(BUILT_PRODUCTS_DIR)/Quotes.app/Quotes";
			};
			name = Debug;
		};
		6C9C20FF19C1883000AE939E /* Release */ = {
			isa = XCBuildConfiguration;
			buildSettings = {
				BUNDLE_LOADER = "$(TEST_HOST)";
				FRAMEWORK_SEARCH_PATHS = (
					"$(SDKROOT)/Developer/Library/Frameworks",
					"$(inherited)",
				);
				INFOPLIST_FILE = QuotesTests/Info.plist;
				LD_RUNPATH_SEARCH_PATHS = "$(inherited) @executable_path/Frameworks @loader_path/Frameworks";
				PRODUCT_NAME = "$(TARGET_NAME)";
				TEST_HOST = "$(BUILT_PRODUCTS_DIR)/Quotes.app/Quotes";
			};
			name = Release;
		};
/* End XCBuildConfiguration section */

/* Begin XCConfigurationList section */
		6C9C20D619C1883000AE939E /* Build configuration list for PBXProject "Quotes" */ = {
			isa = XCConfigurationList;
			buildConfigurations = (
				6C9C20F819C1883000AE939E /* Debug */,
				6C9C20F919C1883000AE939E /* Release */,
			);
			defaultConfigurationIsVisible = 0;
			defaultConfigurationName = Release;
		};
		6C9C20FA19C1883000AE939E /* Build configuration list for PBXNativeTarget "Quotes" */ = {
			isa = XCConfigurationList;
			buildConfigurations = (
				6C9C20FB19C1883000AE939E /* Debug */,
				6C9C20FC19C1883000AE939E /* Release */,
			);
			defaultConfigurationIsVisible = 0;
		};
		6C9C20FD19C1883000AE939E /* Build configuration list for PBXNativeTarget "QuotesTests" */ = {
			isa = XCConfigurationList;
			buildConfigurations = (
				6C9C20FE19C1883000AE939E /* Debug */,
				6C9C20FF19C1883000AE939E /* Release */,
			);
			defaultConfigurationIsVisible = 0;
		};
/* End XCConfigurationList section */
	};
	rootObject = 6C9C20D319C1883000AE939E /* Project object */;
}
